
Microsoft Visual Studio Solution File, Format Version 12.00
# Visual Studio Version 17
VisualStudioVersion = 17.4.33205.214
MinimumVisualStudioVersion = 10.0.40219.1
Project("{FAE04EC0-301F-11D3-BF4B-00C04F79EFBC}") = "02.09.2023 Проводник", "02.09.2023 Проводник.csproj", "{D5009400-5962-462C-BD6F-DCB27FB69921}"
EndProject
Global
	GlobalSection(SolutionConfigurationPlatforms) = preSolution
		Debug|Any CPU = Debug|Any CPU
		Release|Any CPU = Release|Any CPU
	EndGlobalSection
	GlobalSection(ProjectConfigurationPlatforms) = postSolution
		{D5009400-5962-462C-BD6F-DCB27FB69921}.Debug|Any CPU.ActiveCfg = Debug|Any CPU
		{D5009400-5962-462C-BD6F-DCB27FB69921}.Debug|Any CPU.Build.0 = Debug|Any CPU
		{D5009400-5962-462C-BD6F-DCB27FB69921}.Release|Any CPU.ActiveCfg = Release|Any CPU
		{D5009400-5962-462C-BD6F-DCB27FB69921}.Release|Any CPU.Build.0 = Release|Any CPU
	EndGlobalSection
	GlobalSection(SolutionProperties) = preSolution
		HideSolutionNode = FALSE
	EndGlobalSection
	GlobalSection(ExtensibilityGlobals) = postSolution
		SolutionGuid = {E5287626-F529-426A-B8CD-820866893E09}
	EndGlobalSection
EndGlobal
